
Microsoft Visual Studio Solution File, Format Version 12.00
# Visual Studio Version 17
VisualStudioVersion = 17.3.32929.385
MinimumVisualStudioVersion = 10.0.40219.1
Project("{9A19103F-16F7-4668-BE54-9A1E7A4F7556}") = "Api", "Api.csproj", "{55D56459-AC01-4183-80FA-90EBB243CE07}"
EndProject
Project("{FAE04EC0-301F-11D3-BF4B-00C04F79EFBC}") = "Core", "..\Core\Core.csproj", "{6504BBB1-EBE2-4ABE-B05F-D40D70028ABE}"
EndProject
Project("{FAE04EC0-301F-11D3-BF4B-00C04F79EFBC}") = "Domain", "..\Domain\Domain.csproj", "{A23E1762-4C6D-44A5-ACC4-5352D21AC507}"
EndProject
Project("{FAE04EC0-301F-11D3-BF4B-00C04F79EFBC}") = "Infrastructure", "..\Infrastructure\Infrastructure.csproj", "{B339B222-92DF-4B8B-946B-25FB4F377E1D}"
EndProject
Global
	GlobalSection(SolutionConfigurationPlatforms) = preSolution
		Debug|Any CPU = Debug|Any CPU
		Release|Any CPU = Release|Any CPU
	EndGlobalSection
	GlobalSection(ProjectConfigurationPlatforms) = postSolution
		{55D56459-AC01-4183-80FA-90EBB243CE07}.Debug|Any CPU.ActiveCfg = Debug|Any CPU
		{55D56459-AC01-4183-80FA-90EBB243CE07}.Debug|Any CPU.Build.0 = Debug|Any CPU
		{55D56459-AC01-4183-80FA-90EBB243CE07}.Release|Any CPU.ActiveCfg = Release|Any CPU
		{55D56459-AC01-4183-80FA-90EBB243CE07}.Release|Any CPU.Build.0 = Release|Any CPU
		{6504BBB1-EBE2-4ABE-B05F-D40D70028ABE}.Debug|Any CPU.ActiveCfg = Debug|Any CPU
		{6504BBB1-EBE2-4ABE-B05F-D40D70028ABE}.Debug|Any CPU.Build.0 = Debug|Any CPU
		{6504BBB1-EBE2-4ABE-B05F-D40D70028ABE}.Release|Any CPU.ActiveCfg = Release|Any CPU
		{6504BBB1-EBE2-4ABE-B05F-D40D70028ABE}.Release|Any CPU.Build.0 = Release|Any CPU
		{A23E1762-4C6D-44A5-ACC4-5352D21AC507}.Debug|Any CPU.ActiveCfg = Debug|Any CPU
		{A23E1762-4C6D-44A5-ACC4-5352D21AC507}.Debug|Any CPU.Build.0 = Debug|Any CPU
		{A23E1762-4C6D-44A5-ACC4-5352D21AC507}.Release|Any CPU.ActiveCfg = Release|Any CPU
		{A23E1762-4C6D-44A5-ACC4-5352D21AC507}.Release|Any CPU.Build.0 = Release|Any CPU
		{B339B222-92DF-4B8B-946B-25FB4F377E1D}.Debug|Any CPU.ActiveCfg = Debug|Any CPU
		{B339B222-92DF-4B8B-946B-25FB4F377E1D}.Debug|Any CPU.Build.0 = Debug|Any CPU
		{B339B222-92DF-4B8B-946B-25FB4F377E1D}.Release|Any CPU.ActiveCfg = Release|Any CPU
		{B339B222-92DF-4B8B-946B-25FB4F377E1D}.Release|Any CPU.Build.0 = Release|Any CPU
	EndGlobalSection
	GlobalSection(SolutionProperties) = preSolution
		HideSolutionNode = FALSE
	EndGlobalSection
	GlobalSection(ExtensibilityGlobals) = postSolution
		SolutionGuid = {C9A83117-3D6D-42E7-A00D-49118ED38D8C}
	EndGlobalSection
EndGlobal
